{
  "name": "email",
  "version": "1.0.0",
  "lockfileVersion": 3,
  "requires": true,
  "packages": {
    "": {
      "name": "email",
      "version": "1.0.0",
      "license": "ISC",
      "dependencies": {
        "mimetext": "^3.0.27"
      }
    },
    "node_modules/@babel/runtime": {
      "version": "7.27.4",
      "resolved": "https://registry.npmjs.org/@babel/runtime/-/runtime-7.27.4.tgz",
      "integrity": "sha512-t3yaEOuGu9NlIZ+hIeGbBjFtZT7j2cb2tg0fuaJKeGotchRjjLfrBA9Kwf8quhpP1EUuxModQg04q/mBwyg8uA==",
      "engines": {
        "node": ">=6.9.0"
      }
    },
    "node_modules/@babel/runtime-corejs3": {
      "version": "7.27.4",
      "resolved": "https://registry.npmjs.org/@babel/runtime-corejs3/-/runtime-corejs3-7.27.4.tgz",
      "integrity": "sha512-H7QhL0ucCGOObsUETNbB2PuzF4gAvN8p32P6r91bX7M/hk4bx+3yz2hTwHL9d/Efzwu1upeb4/cd7oSxCzup3w==",
      "dependencies": {
        "core-js-pure": "^3.30.2"
      },
      "engines": {
        "node": ">=6.9.0"
      }
    },
    "node_modules/core-js-pure": {
      "version": "3.42.0",
      "resolved": "https://registry.npmjs.org/core-js-pure/-/core-js-pure-3.42.0.tgz",
      "integrity": "sha512-007bM04u91fF4kMgwom2I5cQxAFIy8jVulgr9eozILl/SZE53QOqnW/+vviC+wQWLv+AunBG+8Q0TLoeSsSxRQ==",
      "hasInstallScript": true,
      "funding": {
        "type": "opencollective",
        "url": "https://opencollective.com/core-js"
      }
    },
    "node_modules/js-base64": {
      "version": "3.7.7",
      "resolved": "https://registry.npmjs.org/js-base64/-/js-base64-3.7.7.tgz",
      "integrity": "sha512-7rCnleh0z2CkXhH67J8K1Ytz0b2Y+yxTPL+/KOJoa20hfnVQ/3/T6W/KflYI4bRHRagNeXeU2bkNGI3v1oS/lw=="
    },
    "node_modules/mime-db": {
      "version": "1.52.0",
      "resolved": "https://registry.npmjs.org/mime-db/-/mime-db-1.52.0.tgz",
      "integrity": "sha512-sPU4uV7dYlvtWJxwwxHD0PuihVNiE7TyAbQ5SWxDCB9mUYvOgroQOwYQQOKPJ8CIbE+1ETVlOoK1UC2nU3gYvg==",
      "engines": {
        "node": ">= 0.6"
      }
    },
    "node_modules/mime-types": {
      "version": "2.1.35",
      "resolved": "https://registry.npmjs.org/mime-types/-/mime-types-2.1.35.tgz",
      "integrity": "sha512-ZDY+bPm5zTTF+YpCrAU9nK0UgICYPT0QtT1NZWFv4s++TNkcgVaT0g6+4R2uI4MjQjzysHB1zxuWL50hzaeXiw==",
      "dependencies": {
        "mime-db": "1.52.0"
      },
      "engines": {
        "node": ">= 0.6"
      }
    },
    "node_modules/mimetext": {
      "version": "3.0.27",
      "resolved": "https://registry.npmjs.org/mimetext/-/mimetext-3.0.27.tgz",
      "integrity": "sha512-mUhWAsZD1N/K6dbN4+a5Yq78OPnYQw1ubOSMasBntsLQ2S7KVNlvDEA8dwpr4a7PszWMzeslKahAprtwYMgaBA==",
      "dependencies": {
        "@babel/runtime": "^7.26.0",
        "@babel/runtime-corejs3": "^7.26.0",
        "js-base64": "^3.7.7",
        "mime-types": "^2.1.35"
      },
      "funding": {
        "type": "patreon",
        "url": "https://patreon.com/muratgozel"
      }
    }
  }
}
